PODS:
  - FlexLayout (1.3.9)
  - PinLayout (1.7.9)

DEPENDENCIES:
  - FlexLayout (= 1.3.9)
  - PinLayout (= 1.7.9)

SPEC REPOS:
  https://github.com/cocoapods/specs.git:
    - FlexLayout
    - PinLayout

SPEC CHECKSUMS:
  FlexLayout: dbe4b2da72ee63d7145cf32bb5bfba375aeeb9e6
  PinLayout: 21ce87a865407a7a3c8a38a326611c476095fedf

PODFILE CHECKSUM: f86e2a0a6324d7070cb40b538e2a2b8f23017016

COCOAPODS: 1.5.3
